{
  "version": 4,
  "terraform_version": "1.3.4",
  "serial": 13,
  "lineage": "a6a75242-bc56-b722-88d3-a7311fe3e2a6",
  "outputs": {
    "hello_world": {
      "value": "Hello, World!",
      "type": "string"
    }
  },
  "resources": [
    {
      "module": "module.gotest_module",
      "mode": "managed",
      "type": "azurerm_storage_account",
      "name": "goteststorage",
      "provider": "provider[\"registry.terraform.io/hashicorp/azurerm\"]",
      "instances": [
        {
          "schema_version": 3,
          "attributes": {
            "access_tier": "Hot",
            "account_kind": "StorageV2",
            "account_replication_type": "LRS",
            "account_tier": "Standard",
            "allow_nested_items_to_be_public": true,
            "azure_files_authentication": [],
            "blob_properties": [
              {
                "change_feed_enabled": false,
                "change_feed_retention_in_days": 0,
                "container_delete_retention_policy": [],
                "cors_rule": [],
                "default_service_version": "",
                "delete_retention_policy": [],
                "last_access_time_enabled": false,
                "restore_policy": [],
                "versioning_enabled": false
              }
            ],
            "cross_tenant_replication_enabled": true,
            "custom_domain": [],
            "customer_managed_key": [],
            "default_to_oauth_authentication": false,
            "edge_zone": "",
            "enable_https_traffic_only": true,
            "id": "/subscriptions/71ae4048-2e46-4255-8eca-c47663aa8f0c/resourceGroups/Devops-RG/providers/Microsoft.Storage/storageAccounts/gotestprovstoarge",
            "identity": [],
            "immutability_policy": [],
            "infrastructure_encryption_enabled": false,
            "is_hns_enabled": false,
            "large_file_share_enabled": null,
            "location": "eastus",
            "min_tls_version": "TLS1_2",
            "name": "gotestprovstoarge",
            "network_rules": [
              {
                "bypass": [
                  "AzureServices"
                ],
                "default_action": "Allow",
                "ip_rules": [],
                "private_link_access": [],
                "virtual_network_subnet_ids": []
              }
            ],
            "nfsv3_enabled": false,
            "primary_access_key": "xLAgSnhE9hYJvhtiekMHnB/43VnLJup308ojO2BMwQvU8pKGRD1n0HU4dLZiYTM5oMzuTfX3LND++AStTRonSw==",
            "primary_blob_connection_string": "DefaultEndpointsProtocol=https;BlobEndpoint=https://gotestprovstoarge.blob.core.windows.net/;AccountName=gotestprovstoarge;AccountKey=xLAgSnhE9hYJvhtiekMHnB/43VnLJup308ojO2BMwQvU8pKGRD1n0HU4dLZiYTM5oMzuTfX3LND++AStTRonSw==",
            "primary_blob_endpoint": "https://gotestprovstoarge.blob.core.windows.net/",
            "primary_blob_host": "gotestprovstoarge.blob.core.windows.net",
            "primary_connection_string": "DefaultEndpointsProtocol=https;AccountName=gotestprovstoarge;AccountKey=xLAgSnhE9hYJvhtiekMHnB/43VnLJup308ojO2BMwQvU8pKGRD1n0HU4dLZiYTM5oMzuTfX3LND++AStTRonSw==;EndpointSuffix=core.windows.net",
            "primary_dfs_endpoint": "https://gotestprovstoarge.dfs.core.windows.net/",
            "primary_dfs_host": "gotestprovstoarge.dfs.core.windows.net",
            "primary_file_endpoint": "https://gotestprovstoarge.file.core.windows.net/",
            "primary_file_host": "gotestprovstoarge.file.core.windows.net",
            "primary_location": "eastus",
            "primary_queue_endpoint": "https://gotestprovstoarge.queue.core.windows.net/",
            "primary_queue_host": "gotestprovstoarge.queue.core.windows.net",
            "primary_table_endpoint": "https://gotestprovstoarge.table.core.windows.net/",
            "primary_table_host": "gotestprovstoarge.table.core.windows.net",
            "primary_web_endpoint": "https://gotestprovstoarge.z13.web.core.windows.net/",
            "primary_web_host": "gotestprovstoarge.z13.web.core.windows.net",
            "public_network_access_enabled": true,
            "queue_encryption_key_type": "Service",
            "queue_properties": [
              {
                "cors_rule": [],
                "hour_metrics": [
                  {
                    "enabled": true,
                    "include_apis": true,
                    "retention_policy_days": 7,
                    "version": "1.0"
                  }
                ],
                "logging": [
                  {
                    "delete": false,
                    "read": false,
                    "retention_policy_days": 0,
                    "version": "1.0",
                    "write": false
                  }
                ],
                "minute_metrics": [
                  {
                    "enabled": false,
                    "include_apis": false,
                    "retention_policy_days": 0,
                    "version": "1.0"
                  }
                ]
              }
            ],
            "resource_group_name": "Devops-RG",
            "routing": [],
            "sas_policy": [],
            "secondary_access_key": "8NCFhlFw0tMomQthzy6QMS1L7aK9EabXvhPF1GpR7blrQq6IhQWuSLMhUTVnBTEbElqPplm5TW5V+AStneuTmw==",
            "secondary_blob_connection_string": "",
            "secondary_blob_endpoint": null,
            "secondary_blob_host": null,
            "secondary_connection_string": "DefaultEndpointsProtocol=https;AccountName=gotestprovstoarge;AccountKey=8NCFhlFw0tMomQthzy6QMS1L7aK9EabXvhPF1GpR7blrQq6IhQWuSLMhUTVnBTEbElqPplm5TW5V+AStneuTmw==;EndpointSuffix=core.windows.net",
            "secondary_dfs_endpoint": null,
            "secondary_dfs_host": null,
            "secondary_file_endpoint": null,
            "secondary_file_host": null,
            "secondary_location": "",
            "secondary_queue_endpoint": null,
            "secondary_queue_host": null,
            "secondary_table_endpoint": null,
            "secondary_table_host": null,
            "secondary_web_endpoint": null,
            "secondary_web_host": null,
            "sftp_enabled": false,
            "share_properties": [
              {
                "cors_rule": [],
                "retention_policy": [
                  {
                    "days": 7
                  }
                ],
                "smb": []
              }
            ],
            "shared_access_key_enabled": true,
            "static_website": [],
            "table_encryption_key_type": "Service",
            "tags": {
              "environment": "staging"
            },
            "timeouts": null
          },
          "sensitive_attributes": [],
          "private": "eyJlMmJmYjczMC1lY2FhLTExZTYtOGY4OC0zNDM2M2JjN2M0YzAiOnsiY3JlYXRlIjozNjAwMDAwMDAwMDAwLCJkZWxldGUiOjM2MDAwMDAwMDAwMDAsInJlYWQiOjMwMDAwMDAwMDAwMCwidXBkYXRlIjozNjAwMDAwMDAwMDAwfSwic2NoZW1hX3ZlcnNpb24iOiIzIn0="
        }
      ]
    }
  ],
  "check_results": null
}
